// !$*UTF8*$!
{
	archiveVersion = 1;
	classes = {
	};
	objectVersion = 54;
	objects = {

/* Begin PBXBuildFile section */
		057532ECB576CAAA6852D8CF /* Pods_login_flow_sample.framework in Frameworks */ = {isa = PBXBuildFile; fileRef = 8EDFF3F9511307C75B567EBA /* Pods_login_flow_sample.framework */; };
		3901E099281209980013C628 /* Constants.swift in Sources */ = {isa = PBXBuildFile; fileRef = 3901E098281209980013C628 /* Constants.swift */; };
		3901E09E281210EE0013C628 /* PresenterManager.swift in Sources */ = {isa = PBXBuildFile; fileRef = 3901E09D281210EE0013C628 /* PresenterManager.swift */; };
		3909B6F62817069E00C2A49C /* LoginViewController.swift in Sources */ = {isa = PBXBuildFile; fileRef = 3909B6F52817069E00C2A49C /* LoginViewController.swift */; };
		3926B17428176B24006DE2F4 /* Podfile in Resources */ = {isa = PBXBuildFile; fileRef = 3926B17328176B24006DE2F4 /* Podfile */; };
		3943D7062811F3CD0077E231 /* Helper.swift in Sources */ = {isa = PBXBuildFile; fileRef = 3943D7052811F3CD0077E231 /* Helper.swift */; };
		394B37A128176F9D00395FEB /* SettingsViewController1.swift in Sources */ = {isa = PBXBuildFile; fileRef = 394B37A028176F9D00395FEB /* SettingsViewController1.swift */; };
		396ADFB32811B85F00F5A7F0 /* AppDelegate.swift in Sources */ = {isa = PBXBuildFile; fileRef = 396ADFB22811B85F00F5A7F0 /* AppDelegate.swift */; };
		396ADFB52811B85F00F5A7F0 /* SceneDelegate.swift in Sources */ = {isa = PBXBuildFile; fileRef = 396ADFB42811B85F00F5A7F0 /* SceneDelegate.swift */; };
		396ADFBA2811B85F00F5A7F0 /* Main.storyboard in Resources */ = {isa = PBXBuildFile; fileRef = 396ADFB82811B85F00F5A7F0 /* Main.storyboard */; };
		396ADFBC2811B86100F5A7F0 /* Assets.xcassets in Resources */ = {isa = PBXBuildFile; fileRef = 396ADFBB2811B86100F5A7F0 /* Assets.xcassets */; };
		396ADFBF2811B86100F5A7F0 /* LaunchScreen.storyboard in Resources */ = {isa = PBXBuildFile; fileRef = 396ADFBD2811B86100F5A7F0 /* LaunchScreen.storyboard */; };
		396ADFCA2811B86100F5A7F0 /* login_flow_sampleTests.swift in Sources */ = {isa = PBXBuildFile; fileRef = 396ADFC92811B86100F5A7F0 /* login_flow_sampleTests.swift */; };
		396ADFD42811B86100F5A7F0 /* login_flow_sampleUITests.swift in Sources */ = {isa = PBXBuildFile; fileRef = 396ADFD32811B86100F5A7F0 /* login_flow_sampleUITests.swift */; };
		396ADFD62811B86100F5A7F0 /* login_flow_sampleUITestsLaunchTests.swift in Sources */ = {isa = PBXBuildFile; fileRef = 396ADFD52811B86100F5A7F0 /* login_flow_sampleUITestsLaunchTests.swift */; };
		396ADFE42811BBC700F5A7F0 /* LoadingViewController.swift in Sources */ = {isa = PBXBuildFile; fileRef = 396ADFE32811BBC700F5A7F0 /* LoadingViewController.swift */; };
		39846641281330CD00385888 /* OnboardingViewController.swift in Sources */ = {isa = PBXBuildFile; fileRef = 39846640281330CD00385888 /* OnboardingViewController.swift */; };
		39D579CA28149D7F009A1D32 /* OnboardingCollectionViewCell.swift in Sources */ = {isa = PBXBuildFile; fileRef = 39D579C928149D7F009A1D32 /* OnboardingCollectionViewCell.swift */; };
		39D579CD28149E3C009A1D32 /* Slide.swift in Sources */ = {isa = PBXBuildFile; fileRef = 39D579CC28149E3C009A1D32 /* Slide.swift */; };
		39DBDA68281225AB000D8A7B /* Assets.xcassets in Resources */ = {isa = PBXBuildFile; fileRef = 39DBDA67281225AB000D8A7B /* Assets.xcassets */; };
		817E1FC76306B38CB963F673 /* Pods_login_flow_sampleTests.framework in Frameworks */ = {isa = PBXBuildFile; fileRef = 48526083C57C0CB8BDAAE7FB /* Pods_login_flow_sampleTests.framework */; };
		BD11B6B60B7DC6D1773B0979 /* Pods_login_flow_sample_login_flow_sampleUITests.framework in Frameworks */ = {isa = PBXBuildFile; fileRef = 6E8544F24AF2B9D447B09388 /* Pods_login_flow_sample_login_flow_sampleUITests.framework */; };
/* End PBXBuildFile section */

/* Begin PBXContainerItemProxy section */
		396ADFC62811B86100F5A7F0 /* PBXContainerItemProxy */ = {
			isa = PBXContainerItemProxy;
			containerPortal = 396ADFA72811B85F00F5A7F0 /* Project object */;
			proxyType = 1;
			remoteGlobalIDString = 396ADFAE2811B85F00F5A7F0;
			remoteInfo = "login-flow-sample";
		};
		396ADFD02811B86100F5A7F0 /* PBXContainerItemProxy */ = {
			isa = PBXContainerItemProxy;
			containerPortal = 396ADFA72811B85F00F5A7F0 /* Project object */;
			proxyType = 1;
			remoteGlobalIDString = 396ADFAE2811B85F00F5A7F0;
			remoteInfo = "login-flow-sample";
		};
/* End PBXContainerItemProxy section */

/* Begin PBXFileReference section */
		374CFB28CB130F6FBFB2E7E8 /* Pods-login-flow-sampleTests.debug.xcconfig */ = {isa = PBXFileReference; includeInIndex = 1; lastKnownFileType = text.xcconfig; name = "Pods-login-flow-sampleTests.debug.xcconfig"; path = "Target Support Files/Pods-login-flow-sampleTests/Pods-login-flow-sampleTests.debug.xcconfig"; sourceTree = "<group>"; };
		3901E098281209980013C628 /* Constants.swift */ = {isa = PBXFileReference; lastKnownFileType = sourcecode.swift; path = Constants.swift; sourceTree = "<group>"; };
		3901E09D281210EE0013C628 /* PresenterManager.swift */ = {isa = PBXFileReference; lastKnownFileType = sourcecode.swift; path = PresenterManager.swift; sourceTree = "<group>"; };
		3909B6F52817069E00C2A49C /* LoginViewController.swift */ = {isa = PBXFileReference; lastKnownFileType = sourcecode.swift; path = LoginViewController.swift; sourceTree = "<group>"; };
		3926B17328176B24006DE2F4 /* Podfile */ = {isa = PBXFileReference; fileEncoding = 4; lastKnownFileType = text; path = Podfile; sourceTree = "<group>"; };
		3943D7052811F3CD0077E231 /* Helper.swift */ = {isa = PBXFileReference; lastKnownFileType = sourcecode.swift; path = Helper.swift; sourceTree = "<group>"; };
		394B37A028176F9D00395FEB /* SettingsViewController1.swift */ = {isa = PBXFileReference; lastKnownFileType = sourcecode.swift; path = SettingsViewController1.swift; sourceTree = "<group>"; };
		396ADFAF2811B85F00F5A7F0 /* login-flow-sample.app */ = {isa = PBXFileReference; explicitFileType = wrapper.application; includeInIndex = 0; path = "login-flow-sample.app"; sourceTree = BUILT_PRODUCTS_DIR; };
		396ADFB22811B85F00F5A7F0 /* AppDelegate.swift */ = {isa = PBXFileReference; lastKnownFileType = sourcecode.swift; path = AppDelegate.swift; sourceTree = "<group>"; };
		396ADFB42811B85F00F5A7F0 /* SceneDelegate.swift */ = {isa = PBXFileReference; lastKnownFileType = sourcecode.swift; path = SceneDelegate.swift; sourceTree = "<group>"; };
		396ADFB92811B85F00F5A7F0 /* Base */ = {isa = PBXFileReference; lastKnownFileType = file.storyboard; name = Base; path = Base.lproj/Main.storyboard; sourceTree = "<group>"; };
		396ADFBB2811B86100F5A7F0 /* Assets.xcassets */ = {isa = PBXFileReference; lastKnownFileType = folder.assetcatalog; path = Assets.xcassets; sourceTree = "<group>"; };
		396ADFBE2811B86100F5A7F0 /* Base */ = {isa = PBXFileReference; lastKnownFileType = file.storyboard; name = Base; path = Base.lproj/LaunchScreen.storyboard; sourceTree = "<group>"; };
		396ADFC02811B86100F5A7F0 /* Info.plist */ = {isa = PBXFileReference; lastKnownFileType = text.plist.xml; path = Info.plist; sourceTree = "<group>"; };
		396ADFC52811B86100F5A7F0 /* login-flow-sampleTests.xctest */ = {isa = PBXFileReference; explicitFileType = wrapper.cfbundle; includeInIndex = 0; path = "login-flow-sampleTests.xctest"; sourceTree = BUILT_PRODUCTS_DIR; };
		396ADFC92811B86100F5A7F0 /* login_flow_sampleTests.swift */ = {isa = PBXFileReference; lastKnownFileType = sourcecode.swift; path = login_flow_sampleTests.swift; sourceTree = "<group>"; };
		396ADFCF2811B86100F5A7F0 /* login-flow-sampleUITests.xctest */ = {isa = PBXFileReference; explicitFileType = wrapper.cfbundle; includeInIndex = 0; path = "login-flow-sampleUITests.xctest"; sourceTree = BUILT_PRODUCTS_DIR; };
		396ADFD32811B86100F5A7F0 /* login_flow_sampleUITests.swift */ = {isa = PBXFileReference; lastKnownFileType = sourcecode.swift; path = login_flow_sampleUITests.swift; sourceTree = "<group>"; };
		396ADFD52811B86100F5A7F0 /* login_flow_sampleUITestsLaunchTests.swift */ = {isa = PBXFileReference; lastKnownFileType = sourcecode.swift; path = login_flow_sampleUITestsLaunchTests.swift; sourceTree = "<group>"; };
		396ADFE32811BBC700F5A7F0 /* LoadingViewController.swift */ = {isa = PBXFileReference; lastKnownFileType = sourcecode.swift; path = LoadingViewController.swift; sourceTree = "<group>"; };
		39846640281330CD00385888 /* OnboardingViewController.swift */ = {isa = PBXFileReference; lastKnownFileType = sourcecode.swift; path = OnboardingViewController.swift; sourceTree = "<group>"; };
		39D579C928149D7F009A1D32 /* OnboardingCollectionViewCell.swift */ = {isa = PBXFileReference; lastKnownFileType = sourcecode.swift; path = OnboardingCollectionViewCell.swift; sourceTree = "<group>"; };
		39D579CC28149E3C009A1D32 /* Slide.swift */ = {isa = PBXFileReference; lastKnownFileType = sourcecode.swift; path = Slide.swift; sourceTree = "<group>"; };
		39DBDA67281225AB000D8A7B /* Assets.xcassets */ = {isa = PBXFileReference; lastKnownFileType = folder.assetcatalog; path = Assets.xcassets; sourceTree = "<group>"; };
		48526083C57C0CB8BDAAE7FB /* Pods_login_flow_sampleTests.framework */ = {isa = PBXFileReference; explicitFileType = wrapper.framework; includeInIndex = 0; path = Pods_login_flow_sampleTests.framework; sourceTree = BUILT_PRODUCTS_DIR; };
		6E8544F24AF2B9D447B09388 /* Pods_login_flow_sample_login_flow_sampleUITests.framework */ = {isa = PBXFileReference; explicitFileType = wrapper.framework; includeInIndex = 0; path = Pods_login_flow_sample_login_flow_sampleUITests.framework; sourceTree = BUILT_PRODUCTS_DIR; };
		808C57E2F96471BFE39DF311 /* Pods-login-flow-sample-login-flow-sampleUITests.debug.xcconfig */ = {isa = PBXFileReference; includeInIndex = 1; lastKnownFileType = text.xcconfig; name = "Pods-login-flow-sample-login-flow-sampleUITests.debug.xcconfig"; path = "Target Support Files/Pods-login-flow-sample-login-flow-sampleUITests/Pods-login-flow-sample-login-flow-sampleUITests.debug.xcconfig"; sourceTree = "<group>"; };
		8B901EB271E188A9272FAA83 /* Pods-login-flow-sampleTests.release.xcconfig */ = {isa = PBXFileReference; includeInIndex = 1; lastKnownFileType = text.xcconfig; name = "Pods-login-flow-sampleTests.release.xcconfig"; path = "Target Support Files/Pods-login-flow-sampleTests/Pods-login-flow-sampleTests.release.xcconfig"; sourceTree = "<group>"; };
		8EDFF3F9511307C75B567EBA /* Pods_login_flow_sample.framework */ = {isa = PBXFileReference; explicitFileType = wrapper.framework; includeInIndex = 0; path = Pods_login_flow_sample.framework; sourceTree = BUILT_PRODUCTS_DIR; };
		BBDE13948D7A4B31FEADA303 /* Pods-login-flow-sample.release.xcconfig */ = {isa = PBXFileReference; includeInIndex = 1; lastKnownFileType = text.xcconfig; name = "Pods-login-flow-sample.release.xcconfig"; path = "Target Support Files/Pods-login-flow-sample/Pods-login-flow-sample.release.xcconfig"; sourceTree = "<group>"; };
		E1B2477BE4EF9E64622211EF /* Pods-login-flow-sample-login-flow-sampleUITests.release.xcconfig */ = {isa = PBXFileReference; includeInIndex = 1; lastKnownFileType = text.xcconfig; name = "Pods-login-flow-sample-login-flow-sampleUITests.release.xcconfig"; path = "Target Support Files/Pods-login-flow-sample-login-flow-sampleUITests/Pods-login-flow-sample-login-flow-sampleUITests.release.xcconfig"; sourceTree = "<group>"; };
		E6C2BFF3A4D53EB35D3B5484 /* Pods-login-flow-sample.debug.xcconfig */ = {isa = PBXFileReference; includeInIndex = 1; lastKnownFileType = text.xcconfig; name = "Pods-login-flow-sample.debug.xcconfig"; path = "Target Support Files/Pods-login-flow-sample/Pods-login-flow-sample.debug.xcconfig"; sourceTree = "<group>"; };
/* End PBXFileReference section */

/* Begin PBXFrameworksBuildPhase section */
		396ADFAC2811B85F00F5A7F0 /* Frameworks */ = {
			isa = PBXFrameworksBuildPhase;
			buildActionMask = 2147483647;
			files = (
				057532ECB576CAAA6852D8CF /* Pods_login_flow_sample.framework in Frameworks */,
			);
			runOnlyForDeploymentPostprocessing = 0;
		};
		396ADFC22811B86100F5A7F0 /* Frameworks */ = {
			isa = PBXFrameworksBuildPhase;
			buildActionMask = 2147483647;
			files = (
				817E1FC76306B38CB963F673 /* Pods_login_flow_sampleTests.framework in Frameworks */,
			);
			runOnlyForDeploymentPostprocessing = 0;
		};
		396ADFCC2811B86100F5A7F0 /* Frameworks */ = {
			isa = PBXFrameworksBuildPhase;
			buildActionMask = 2147483647;
			files = (
				BD11B6B60B7DC6D1773B0979 /* Pods_login_flow_sample_login_flow_sampleUITests.framework in Frameworks */,
			);
			runOnlyForDeploymentPostprocessing = 0;
		};
/* End PBXFrameworksBuildPhase section */

/* Begin PBXGroup section */
		3901E09C281210D10013C628 /* Manager */ = {
			isa = PBXGroup;
			children = (
				3901E09D281210EE0013C628 /* PresenterManager.swift */,
			);
			path = Manager;
			sourceTree = "<group>";
		};
		3943D7042811F3BB0077E231 /* Helper */ = {
			isa = PBXGroup;
			children = (
				3943D7052811F3CD0077E231 /* Helper.swift */,
				3901E098281209980013C628 /* Constants.swift */,
			);
			path = Helper;
			sourceTree = "<group>";
		};
		396ADFA62811B85F00F5A7F0 = {
			isa = PBXGroup;
			children = (
				3926B17328176B24006DE2F4 /* Podfile */,
				396ADFB12811B85F00F5A7F0 /* login-flow-sample */,
				396ADFC82811B86100F5A7F0 /* login-flow-sampleTests */,
				396ADFD22811B86100F5A7F0 /* login-flow-sampleUITests */,
				396ADFB02811B85F00F5A7F0 /* Products */,
				F6C98CEEBD7BDE0D48C83473 /* Pods */,
				52867CE9D8042541DE803601 /* Frameworks */,
			);
			sourceTree = "<group>";
		};
		396ADFB02811B85F00F5A7F0 /* Products */ = {
			isa = PBXGroup;
			children = (
				396ADFAF2811B85F00F5A7F0 /* login-flow-sample.app */,
				396ADFC52811B86100F5A7F0 /* login-flow-sampleTests.xctest */,
				396ADFCF2811B86100F5A7F0 /* login-flow-sampleUITests.xctest */,
			);
			name = Products;
			sourceTree = "<group>";
		};
		396ADFB12811B85F00F5A7F0 /* login-flow-sample */ = {
			isa = PBXGroup;
			children = (
				39D579CB28149E08009A1D32 /* Model */,
				39D579C828149D71009A1D32 /* Views */,
				3901E09C281210D10013C628 /* Manager */,
				3943D7042811F3BB0077E231 /* Helper */,
				396ADFE22811BB6300F5A7F0 /* Controller */,
				396ADFB22811B85F00F5A7F0 /* AppDelegate.swift */,
				396ADFB42811B85F00F5A7F0 /* SceneDelegate.swift */,
				396ADFB82811B85F00F5A7F0 /* Main.storyboard */,
				396ADFBB2811B86100F5A7F0 /* Assets.xcassets */,
				39DBDA67281225AB000D8A7B /* Assets.xcassets */,
				396ADFBD2811B86100F5A7F0 /* LaunchScreen.storyboard */,
				396ADFC02811B86100F5A7F0 /* Info.plist */,
			);
			path = "login-flow-sample";
			sourceTree = "<group>";
		};
		396ADFC82811B86100F5A7F0 /* login-flow-sampleTests */ = {
			isa = PBXGroup;
			children = (
				396ADFC92811B86100F5A7F0 /* login_flow_sampleTests.swift */,
			);
			path = "login-flow-sampleTests";
			sourceTree = "<group>";
		};
		396ADFD22811B86100F5A7F0 /* login-flow-sampleUITests */ = {
			isa = PBXGroup;
			children = (
				396ADFD32811B86100F5A7F0 /* login_flow_sampleUITests.swift */,
				396ADFD52811B86100F5A7F0 /* login_flow_sampleUITestsLaunchTests.swift */,
			);
			path = "login-flow-sampleUITests";
			sourceTree = "<group>";
		};
		396ADFE22811BB6300F5A7F0 /* Controller */ = {
			isa = PBXGroup;
			children = (
				396ADFE32811BBC700F5A7F0 /* LoadingViewController.swift */,
				39846640281330CD00385888 /* OnboardingViewController.swift */,
				3909B6F52817069E00C2A49C /* LoginViewController.swift */,
				394B37A028176F9D00395FEB /* SettingsViewController1.swift */,
			);
			path = Controller;
			sourceTree = "<group>";
		};
		39D579C828149D71009A1D32 /* Views */ = {
			isa = PBXGroup;
			children = (
				39D579C928149D7F009A1D32 /* OnboardingCollectionViewCell.swift */,
			);
			path = Views;
			sourceTree = "<group>";
		};
		39D579CB28149E08009A1D32 /* Model */ = {
			isa = PBXGroup;
			children = (
				39D579CC28149E3C009A1D32 /* Slide.swift */,
			);
			path = Model;
			sourceTree = "<group>";
		};
		52867CE9D8042541DE803601 /* Frameworks */ = {
			isa = PBXGroup;
			children = (
				8EDFF3F9511307C75B567EBA /* Pods_login_flow_sample.framework */,
				6E8544F24AF2B9D447B09388 /* Pods_login_flow_sample_login_flow_sampleUITests.framework */,
				48526083C57C0CB8BDAAE7FB /* Pods_login_flow_sampleTests.framework */,
			);
			name = Frameworks;
			sourceTree = "<group>";
		};
		F6C98CEEBD7BDE0D48C83473 /* Pods */ = {
			isa = PBXGroup;
			children = (
				E6C2BFF3A4D53EB35D3B5484 /* Pods-login-flow-sample.debug.xcconfig */,
				BBDE13948D7A4B31FEADA303 /* Pods-login-flow-sample.release.xcconfig */,
				808C57E2F96471BFE39DF311 /* Pods-login-flow-sample-login-flow-sampleUITests.debug.xcconfig */,
				E1B2477BE4EF9E64622211EF /* Pods-login-flow-sample-login-flow-sampleUITests.release.xcconfig */,
				374CFB28CB130F6FBFB2E7E8 /* Pods-login-flow-sampleTests.debug.xcconfig */,
				8B901EB271E188A9272FAA83 /* Pods-login-flow-sampleTests.release.xcconfig */,
			);
			path = Pods;
			sourceTree = "<group>";
		};
/* End PBXGroup section */

/* Begin PBXNativeTarget section */
		396ADFAE2811B85F00F5A7F0 /* login-flow-sample */ = {
			isa = PBXNativeTarget;
			buildConfigurationList = 396ADFD92811B86100F5A7F0 /* Build configuration list for PBXNativeTarget "login-flow-sample" */;
			buildPhases = (
				DB19B587B1438A90FE5F33DC /* [CP] Check Pods Manifest.lock */,
				396ADFAB2811B85F00F5A7F0 /* Sources */,
				396ADFAC2811B85F00F5A7F0 /* Frameworks */,
				396ADFAD2811B85F00F5A7F0 /* Resources */,
				A5F7A4D4429BC2FCA10A8E20 /* [CP] Embed Pods Frameworks */,
			);
			buildRules = (
			);
			dependencies = (
			);
			name = "login-flow-sample";
			productName = "login-flow-sample";
			productReference = 396ADFAF2811B85F00F5A7F0 /* login-flow-sample.app */;
			productType = "com.apple.product-type.application";
		};
		396ADFC42811B86100F5A7F0 /* login-flow-sampleTests */ = {
			isa = PBXNativeTarget;
			buildConfigurationList = 396ADFDC2811B86100F5A7F0 /* Build configuration list for PBXNativeTarget "login-flow-sampleTests" */;
			buildPhases = (
				33C737D965EA9F4597F0C2A3 /* [CP] Check Pods Manifest.lock */,
				396ADFC12811B86100F5A7F0 /* Sources */,
				396ADFC22811B86100F5A7F0 /* Frameworks */,
				396ADFC32811B86100F5A7F0 /* Resources */,
			);
			buildRules = (
			);
			dependencies = (
				396ADFC72811B86100F5A7F0 /* PBXTargetDependency */,
			);
			name = "login-flow-sampleTests";
			productName = "login-flow-sampleTests";
			productReference = 396ADFC52811B86100F5A7F0 /* login-flow-sampleTests.xctest */;
			productType = "com.apple.product-type.bundle.unit-test";
		};
		396ADFCE2811B86100F5A7F0 /* login-flow-sampleUITests */ = {
			isa = PBXNativeTarget;
			buildConfigurationList = 396ADFDF2811B86100F5A7F0 /* Build configuration list for PBXNativeTarget "login-flow-sampleUITests" */;
			buildPhases = (
				22F3A0330A1895259DBBFED7 /* [CP] Check Pods Manifest.lock */,
				396ADFCB2811B86100F5A7F0 /* Sources */,
				396ADFCC2811B86100F5A7F0 /* Frameworks */,
				396ADFCD2811B86100F5A7F0 /* Resources */,
				1376D0388C53D3080BD500AA /* [CP] Embed Pods Frameworks */,
			);
			buildRules = (
			);
			dependencies = (
				396ADFD12811B86100F5A7F0 /* PBXTargetDependency */,
			);
			name = "login-flow-sampleUITests";
			productName = "login-flow-sampleUITests";
			productReference = 396ADFCF2811B86100F5A7F0 /* login-flow-sampleUITests.xctest */;
			productType = "com.apple.product-type.bundle.ui-testing";
		};
/* End PBXNativeTarget section */

/* Begin PBXProject section */
		396ADFA72811B85F00F5A7F0 /* Project object */ = {
			isa = PBXProject;
			attributes = {
				BuildIndependentTargetsInParallel = 1;
				LastSwiftUpdateCheck = 1330;
				LastUpgradeCheck = 1330;
				TargetAttributes = {
					396ADFAE2811B85F00F5A7F0 = {
						CreatedOnToolsVersion = 13.3;
					};
					396ADFC42811B86100F5A7F0 = {
						CreatedOnToolsVersion = 13.3;
						TestTargetID = 396ADFAE2811B85F00F5A7F0;
					};
					396ADFCE2811B86100F5A7F0 = {
						CreatedOnToolsVersion = 13.3;
						TestTargetID = 396ADFAE2811B85F00F5A7F0;
					};
				};
			};
			buildConfigurationList = 396ADFAA2811B85F00F5A7F0 /* Build configuration list for PBXProject "login-flow-sample" */;
			compatibilityVersion = "Xcode 12.0";
			developmentRegion = en;
			hasScannedForEncodings = 0;
			knownRegions = (
				en,
				Base,
			);
			mainGroup = 396ADFA62811B85F00F5A7F0;
			productRefGroup = 396ADFB02811B85F00F5A7F0 /* Products */;
			projectDirPath = "";
			projectRoot = "";
			targets = (
				396ADFAE2811B85F00F5A7F0 /* login-flow-sample */,
				396ADFC42811B86100F5A7F0 /* login-flow-sampleTests */,
				396ADFCE2811B86100F5A7F0 /* login-flow-sampleUITests */,
			);
		};
/* End PBXProject section */

/* Begin PBXResourcesBuildPhase section */
		396ADFAD2811B85F00F5A7F0 /* Resources */ = {
			isa = PBXResourcesBuildPhase;
			buildActionMask = 2147483647;
			files = (
				3926B17428176B24006DE2F4 /* Podfile in Resources */,
				396ADFBF2811B86100F5A7F0 /* LaunchScreen.storyboard in Resources */,
				396ADFBC2811B86100F5A7F0 /* Assets.xcassets in Resources */,
				39DBDA68281225AB000D8A7B /* Assets.xcassets in Resources */,
				396ADFBA2811B85F00F5A7F0 /* Main.storyboard in Resources */,
			);
			runOnlyForDeploymentPostprocessing = 0;
		};
		396ADFC32811B86100F5A7F0 /* Resources */ = {
			isa = PBXResourcesBuildPhase;
			buildActionMask = 2147483647;
			files = (
			);
			runOnlyForDeploymentPostprocessing = 0;
		};
		396ADFCD2811B86100F5A7F0 /* Resources */ = {
			isa = PBXResourcesBuildPhase;
			buildActionMask = 2147483647;
			files = (
			);
			runOnlyForDeploymentPostprocessing = 0;
		};
/* End PBXResourcesBuildPhase section */

/* Begin PBXShellScriptBuildPhase section */
		1376D0388C53D3080BD500AA /* [CP] Embed Pods Frameworks */ = {
			isa = PBXShellScriptBuildPhase;
			buildActionMask = 2147483647;
			files = (
			);
			inputFileListPaths = (
				"${PODS_ROOT}/Target Support Files/Pods-login-flow-sample-login-flow-sampleUITests/Pods-login-flow-sample-login-flow-sampleUITests-frameworks-${CONFIGURATION}-input-files.xcfilelist",
			);
			name = "[CP] Embed Pods Frameworks";
			outputFileListPaths = (
				"${PODS_ROOT}/Target Support Files/Pods-login-flow-sample-login-flow-sampleUITests/Pods-login-flow-sample-login-flow-sampleUITests-frameworks-${CONFIGURATION}-output-files.xcfilelist",
			);
			runOnlyForDeploymentPostprocessing = 0;
			shellPath = /bin/sh;
			shellScript = "\"${PODS_ROOT}/Target Support Files/Pods-login-flow-sample-login-flow-sampleUITests/Pods-login-flow-sample-login-flow-sampleUITests-frameworks.sh\"\n";
			showEnvVarsInLog = 0;
		};
		22F3A0330A1895259DBBFED7 /* [CP] Check Pods Manifest.lock */ = {
			isa = PBXShellScriptBuildPhase;
			buildActionMask = 2147483647;
			files = (
			);
			inputFileListPaths = (
			);
			inputPaths = (
				"${PODS_PODFILE_DIR_PATH}/Podfile.lock",
				"${PODS_ROOT}/Manifest.lock",
			);
			name = "[CP] Check Pods Manifest.lock";
			outputFileListPaths = (
			);
			outputPaths = (
				"$(DERIVED_FILE_DIR)/Pods-login-flow-sample-login-flow-sampleUITests-checkManifestLockResult.txt",
			);
			runOnlyForDeploymentPostprocessing = 0;
			shellPath = /bin/sh;
			shellScript = "diff \"${PODS_PODFILE_DIR_PATH}/Podfile.lock\" \"${PODS_ROOT}/Manifest.lock\" > /dev/null\nif [ $? != 0 ] ; then\n    # print error to STDERR\n    echo \"error: The sandbox is not in sync with the Podfile.lock. Run 'pod install' or update your CocoaPods installation.\" >&2\n    exit 1\nfi\n# This output is used by Xcode 'outputs' to avoid re-running this script phase.\necho \"SUCCESS\" > \"${SCRIPT_OUTPUT_FILE_0}\"\n";
			showEnvVarsInLog = 0;
		};
		33C737D965EA9F4597F0C2A3 /* [CP] Check Pods Manifest.lock */ = {
			isa = PBXShellScriptBuildPhase;
			buildActionMask = 2147483647;
			files = (
			);
			inputFileListPaths = (
			);
			inputPaths = (
				"${PODS_PODFILE_DIR_PATH}/Podfile.lock",
				"${PODS_ROOT}/Manifest.lock",
			);
			name = "[CP] Check Pods Manifest.lock";
			outputFileListPaths = (
			);
			outputPaths = (
				"$(DERIVED_FILE_DIR)/Pods-login-flow-sampleTests-checkManifestLockResult.txt",
			);
			runOnlyForDeploymentPostprocessing = 0;
			shellPath = /bin/sh;
			shellScript = "diff \"${PODS_PODFILE_DIR_PATH}/Podfile.lock\" \"${PODS_ROOT}/Manifest.lock\" > /dev/null\nif [ $? != 0 ] ; then\n    # print error to STDERR\n    echo \"error: The sandbox is not in sync with the Podfile.lock. Run 'pod install' or update your CocoaPods installation.\" >&2\n    exit 1\nfi\n# This output is used by Xcode 'outputs' to avoid re-running this script phase.\necho \"SUCCESS\" > \"${SCRIPT_OUTPUT_FILE_0}\"\n";
			showEnvVarsInLog = 0;
		};
		A5F7A4D4429BC2FCA10A8E20 /* [CP] Embed Pods Frameworks */ = {
			isa = PBXShellScriptBuildPhase;
			buildActionMask = 2147483647;
			files = (
			);
			inputFileListPaths = (
				"${PODS_ROOT}/Target Support Files/Pods-login-flow-sample/Pods-login-flow-sample-frameworks-${CONFIGURATION}-input-files.xcfilelist",
			);
			name = "[CP] Embed Pods Frameworks";
			outputFileListPaths = (
				"${PODS_ROOT}/Target Support Files/Pods-login-flow-sample/Pods-login-flow-sample-frameworks-${CONFIGURATION}-output-files.xcfilelist",
			);
			runOnlyForDeploymentPostprocessing = 0;
			shellPath = /bin/sh;
			shellScript = "\"${PODS_ROOT}/Target Support Files/Pods-login-flow-sample/Pods-login-flow-sample-frameworks.sh\"\n";
			showEnvVarsInLog = 0;
		};
		DB19B587B1438A90FE5F33DC /* [CP] Check Pods Manifest.lock */ = {
			isa = PBXShellScriptBuildPhase;
			buildActionMask = 2147483647;
			files = (
			);
			inputFileListPaths = (
			);
			inputPaths = (
				"${PODS_PODFILE_DIR_PATH}/Podfile.lock",
				"${PODS_ROOT}/Manifest.lock",
			);
			name = "[CP] Check Pods Manifest.lock";
			outputFileListPaths = (
			);
			outputPaths = (
				"$(DERIVED_FILE_DIR)/Pods-login-flow-sample-checkManifestLockResult.txt",
			);
			runOnlyForDeploymentPostprocessing = 0;
			shellPath = /bin/sh;
			shellScript = "diff \"${PODS_PODFILE_DIR_PATH}/Podfile.lock\" \"${PODS_ROOT}/Manifest.lock\" > /dev/null\nif [ $? != 0 ] ; then\n    # print error to STDERR\n    echo \"error: The sandbox is not in sync with the Podfile.lock. Run 'pod install' or update your CocoaPods installation.\" >&2\n    exit 1\nfi\n# This output is used by Xcode 'outputs' to avoid re-running this script phase.\necho \"SUCCESS\" > \"${SCRIPT_OUTPUT_FILE_0}\"\n";
			showEnvVarsInLog = 0;
		};
/* End PBXShellScriptBuildPhase section */

/* Begin PBXSourcesBuildPhase section */
		396ADFAB2811B85F00F5A7F0 /* Sources */ = {
			isa = PBXSourcesBuildPhase;
			buildActionMask = 2147483647;
			files = (
				3901E099281209980013C628 /* Constants.swift in Sources */,
				396ADFB32811B85F00F5A7F0 /* AppDelegate.swift in Sources */,
				394B37A128176F9D00395FEB /* SettingsViewController1.swift in Sources */,
				396ADFB52811B85F00F5A7F0 /* SceneDelegate.swift in Sources */,
				39846641281330CD00385888 /* OnboardingViewController.swift in Sources */,
				396ADFE42811BBC700F5A7F0 /* LoadingViewController.swift in Sources */,
				3943D7062811F3CD0077E231 /* Helper.swift in Sources */,
				3901E09E281210EE0013C628 /* PresenterManager.swift in Sources */,
				39D579CA28149D7F009A1D32 /* OnboardingCollectionViewCell.swift in Sources */,
				39D579CD28149E3C009A1D32 /* Slide.swift in Sources */,
				3909B6F62817069E00C2A49C /* LoginViewController.swift in Sources */,
			);
			runOnlyForDeploymentPostprocessing = 0;
		};
		396ADFC12811B86100F5A7F0 /* Sources */ = {
			isa = PBXSourcesBuildPhase;
			buildActionMask = 2147483647;
			files = (
				396ADFCA2811B86100F5A7F0 /* login_flow_sampleTests.swift in Sources */,
			);
			runOnlyForDeploymentPostprocessing = 0;
		};
		396ADFCB2811B86100F5A7F0 /* Sources */ = {
			isa = PBXSourcesBuildPhase;
			buildActionMask = 2147483647;
			files = (
				396ADFD62811B86100F5A7F0 /* login_flow_sampleUITestsLaunchTests.swift in Sources */,
				396ADFD42811B86100F5A7F0 /* login_flow_sampleUITests.swift in Sources */,
			);
			runOnlyForDeploymentPostprocessing = 0;
		};
/* End PBXSourcesBuildPhase section */

/* Begin PBXTargetDependency section */
		396ADFC72811B86100F5A7F0 /* PBXTargetDependency */ = {
			isa = PBXTargetDependency;
			target = 396ADFAE2811B85F00F5A7F0 /* login-flow-sample */;
			targetProxy = 396ADFC62811B86100F5A7F0 /* PBXContainerItemProxy */;
		};
		396ADFD12811B86100F5A7F0 /* PBXTargetDependency */ = {
			isa = PBXTargetDependency;
			target = 396ADFAE2811B85F00F5A7F0 /* login-flow-sample */;
			targetProxy = 396ADFD02811B86100F5A7F0 /* PBXContainerItemProxy */;
		};
/* End PBXTargetDependency section */

/* Begin PBXVariantGroup section */
		396ADFB82811B85F00F5A7F0 /* Main.storyboard */ = {
			isa = PBXVariantGroup;
			children = (
				396ADFB92811B85F00F5A7F0 /* Base */,
			);
			name = Main.storyboard;
			sourceTree = "<group>";
		};
		396ADFBD2811B86100F5A7F0 /* LaunchScreen.storyboard */ = {
			isa = PBXVariantGroup;
			children = (
				396ADFBE2811B86100F5A7F0 /* Base */,
			);
			name = LaunchScreen.storyboard;
			sourceTree = "<group>";
		};
/* End PBXVariantGroup section */

/* Begin XCBuildConfiguration section */
		396ADFD72811B86100F5A7F0 /* Debug */ = {
			isa = XCBuildConfiguration;
			buildSettings = {
				ALWAYS_SEARCH_USER_PATHS = NO;
				CLANG_ANALYZER_NONNULL = YES;
				CLANG_ANALYZER_NUMBER_OBJECT_CONVERSION = YES_AGGRESSIVE;
				CLANG_CXX_LANGUAGE_STANDARD = "gnu++17";
				CLANG_ENABLE_MODULES = YES;
				CLANG_ENABLE_OBJC_ARC = YES;
				CLANG_ENABLE_OBJC_WEAK = YES;
				CLANG_WARN_BLOCK_CAPTURE_AUTORELEASING = YES;
				CLANG_WARN_BOOL_CONVERSION = YES;
				CLANG_WARN_COMMA = YES;
				CLANG_WARN_CONSTANT_CONVERSION = YES;
				CLANG_WARN_DEPRECATED_OBJC_IMPLEMENTATIONS = YES;
				CLANG_WARN_DIRECT_OBJC_ISA_USAGE = YES_ERROR;
				CLANG_WARN_DOCUMENTATION_COMMENTS = YES;
				CLANG_WARN_EMPTY_BODY = YES;
				CLANG_WARN_ENUM_CONVERSION = YES;
				CLANG_WARN_INFINITE_RECURSION = YES;
				CLANG_WARN_INT_CONVERSION = YES;
				CLANG_WARN_NON_LITERAL_NULL_CONVERSION = YES;
				CLANG_WARN_OBJC_IMPLICIT_RETAIN_SELF = YES;
				CLANG_WARN_OBJC_LITERAL_CONVERSION = YES;
				CLANG_WARN_OBJC_ROOT_CLASS = YES_ERROR;
				CLANG_WARN_QUOTED_INCLUDE_IN_FRAMEWORK_HEADER = YES;
				CLANG_WARN_RANGE_LOOP_ANALYSIS = YES;
				CLANG_WARN_STRICT_PROTOTYPES = YES;
				CLANG_WARN_SUSPICIOUS_MOVE = YES;
				CLANG_WARN_UNGUARDED_AVAILABILITY = YES_AGGRESSIVE;
				CLANG_WARN_UNREACHABLE_CODE = YES;
				CLANG_WARN__DUPLICATE_METHOD_MATCH = YES;
				COPY_PHASE_STRIP = NO;
				DEBUG_INFORMATION_FORMAT = dwarf;
				ENABLE_STRICT_OBJC_MSGSEND = YES;
				ENABLE_TESTABILITY = YES;
				GCC_C_LANGUAGE_STANDARD = gnu11;
				GCC_DYNAMIC_NO_PIC = NO;
				GCC_NO_COMMON_BLOCKS = YES;
				GCC_OPTIMIZATION_LEVEL = 0;
				GCC_PREPROCESSOR_DEFINITIONS = (
					"DEBUG=1",
					"$(inherited)",
				);
				GCC_WARN_64_TO_32_BIT_CONVERSION = YES;
				GCC_WARN_ABOUT_RETURN_TYPE = YES_ERROR;
				GCC_WARN_UNDECLARED_SELECTOR = YES;
				GCC_WARN_UNINITIALIZED_AUTOS = YES_AGGRESSIVE;
				GCC_WARN_UNUSED_FUNCTION = YES;
				GCC_WARN_UNUSED_VARIABLE = YES;
				IPHONEOS_DEPLOYMENT_TARGET = 15.4;
				MTL_ENABLE_DEBUG_INFO = INCLUDE_SOURCE;
				MTL_FAST_MATH = YES;
				ONLY_ACTIVE_ARCH = YES;
				SDKROOT = iphoneos;
				SWIFT_ACTIVE_COMPILATION_CONDITIONS = DEBUG;
				SWIFT_OPTIMIZATION_LEVEL = "-Onone";
			};
			name = Debug;
		};
		396ADFD82811B86100F5A7F0 /* Release */ = {
			isa = XCBuildConfiguration;
			buildSettings = {
				ALWAYS_SEARCH_USER_PATHS = NO;
				CLANG_ANALYZER_NONNULL = YES;
				CLANG_ANALYZER_NUMBER_OBJECT_CONVERSION = YES_AGGRESSIVE;
				CLANG_CXX_LANGUAGE_STANDARD = "gnu++17";
				CLANG_ENABLE_MODULES = YES;
				CLANG_ENABLE_OBJC_ARC = YES;
				CLANG_ENABLE_OBJC_WEAK = YES;
				CLANG_WARN_BLOCK_CAPTURE_AUTORELEASING = YES;
				CLANG_WARN_BOOL_CONVERSION = YES;
				CLANG_WARN_COMMA = YES;
				CLANG_WARN_CONSTANT_CONVERSION = YES;
				CLANG_WARN_DEPRECATED_OBJC_IMPLEMENTATIONS = YES;
				CLANG_WARN_DIRECT_OBJC_ISA_USAGE = YES_ERROR;
				CLANG_WARN_DOCUMENTATION_COMMENTS = YES;
				CLANG_WARN_EMPTY_BODY = YES;
				CLANG_WARN_ENUM_CONVERSION = YES;
				CLANG_WARN_INFINITE_RECURSION = YES;
				CLANG_WARN_INT_CONVERSION = YES;
				CLANG_WARN_NON_LITERAL_NULL_CONVERSION = YES;
				CLANG_WARN_OBJC_IMPLICIT_RETAIN_SELF = YES;
				CLANG_WARN_OBJC_LITERAL_CONVERSION = YES;
				CLANG_WARN_OBJC_ROOT_CLASS = YES_ERROR;
				CLANG_WARN_QUOTED_INCLUDE_IN_FRAMEWORK_HEADER = YES;
				CLANG_WARN_RANGE_LOOP_ANALYSIS = YES;
				CLANG_WARN_STRICT_PROTOTYPES = YES;
				CLANG_WARN_SUSPICIOUS_MOVE = YES;
				CLANG_WARN_UNGUARDED_AVAILABILITY = YES_AGGRESSIVE;
				CLANG_WARN_UNREACHABLE_CODE = YES;
				CLANG_WARN__DUPLICATE_METHOD_MATCH = YES;
				COPY_PHASE_STRIP = NO;
				DEBUG_INFORMATION_FORMAT = "dwarf-with-dsym";
				ENABLE_NS_ASSERTIONS = NO;
				ENABLE_STRICT_OBJC_MSGSEND = YES;
				GCC_C_LANGUAGE_STANDARD = gnu11;
				GCC_NO_COMMON_BLOCKS = YES;
				GCC_WARN_64_TO_32_BIT_CONVERSION = YES;
				GCC_WARN_ABOUT_RETURN_TYPE = YES_ERROR;
				GCC_WARN_UNDECLARED_SELECTOR = YES;
				GCC_WARN_UNINITIALIZED_AUTOS = YES_AGGRESSIVE;
				GCC_WARN_UNUSED_FUNCTION = YES;
				GCC_WARN_UNUSED_VARIABLE = YES;
				IPHONEOS_DEPLOYMENT_TARGET = 15.4;
				MTL_ENABLE_DEBUG_INFO = NO;
				MTL_FAST_MATH = YES;
				SDKROOT = iphoneos;
				SWIFT_COMPILATION_MODE = wholemodule;
				SWIFT_OPTIMIZATION_LEVEL = "-O";
				VALIDATE_PRODUCT = YES;
			};
			name = Release;
		};
		396ADFDA2811B86100F5A7F0 /* Debug */ = {
			isa = XCBuildConfiguration;
			baseConfigurationReference = E6C2BFF3A4D53EB35D3B5484 /* Pods-login-flow-sample.debug.xcconfig */;
			buildSettings = {
				ASSETCATALOG_COMPILER_APPICON_NAME = AppIcon;
				ASSETCATALOG_COMPILER_GLOBAL_ACCENT_COLOR_NAME = AccentColor;
				CODE_SIGN_STYLE = Automatic;
				CURRENT_PROJECT_VERSION = 1;
				GENERATE_INFOPLIST_FILE = YES;
				INFOPLIST_FILE = "login-flow-sample/Info.plist";
				INFOPLIST_KEY_UIApplicationSupportsIndirectInputEvents = YES;
				INFOPLIST_KEY_UILaunchStoryboardName = LaunchScreen;
				INFOPLIST_KEY_UIMainStoryboardFile = Main;
				INFOPLIST_KEY_UISupportedInterfaceOrientations_iPad = "UIInterfaceOrientationPortrait UIInterfaceOrientationPortraitUpsideDown UIInterfaceOrientationLandscapeLeft UIInterfaceOrientationLandscapeRight";
				INFOPLIST_KEY_UISupportedInterfaceOrientations_iPhone = "UIInterfaceOrientationPortrait UIInterfaceOrientationLandscapeLeft UIInterfaceOrientationLandscapeRight";
				LD_RUNPATH_SEARCH_PATHS = (
					"$(inherited)",
					"@executable_path/Frameworks",
				);
				MARKETING_VERSION = 1.0;
				PRODUCT_BUNDLE_IDENTIFIER = "com.mjb.login-flow-sample";
				PRODUCT_NAME = "$(TARGET_NAME)";
				SWIFT_EMIT_LOC_STRINGS = YES;
				SWIFT_VERSION = 5.0;
				TARGETED_DEVICE_FAMILY = "1,2";
			};
			name = Debug;
		};
		396ADFDB2811B86100F5A7F0 /* Release */ = {
			isa = XCBuildConfiguration;
			baseConfigurationReference = BBDE13948D7A4B31FEADA303 /* Pods-login-flow-sample.release.xcconfig */;
			buildSettings = {
				ASSETCATALOG_COMPILER_APPICON_NAME = AppIcon;
				ASSETCATALOG_COMPILER_GLOBAL_ACCENT_COLOR_NAME = AccentColor;
				CODE_SIGN_STYLE = Automatic;
				CURRENT_PROJECT_VERSION = 1;
				GENERATE_INFOPLIST_FILE = YES;
				INFOPLIST_FILE = "login-flow-sample/Info.plist";
				INFOPLIST_KEY_UIApplicationSupportsIndirectInputEvents = YES;
				INFOPLIST_KEY_UILaunchStoryboardName = LaunchScreen;
				INFOPLIST_KEY_UIMainStoryboardFile = Main;
				INFOPLIST_KEY_UISupportedInterfaceOrientations_iPad = "UIInterfaceOrientationPortrait UIInterfaceOrientationPortraitUpsideDown UIInterfaceOrientationLandscapeLeft UIInterfaceOrientationLandscapeRight";
				INFOPLIST_KEY_UISupportedInterfaceOrientations_iPhone = "UIInterfaceOrientationPortrait UIInterfaceOrientationLandscapeLeft UIInterfaceOrientationLandscapeRight";
				LD_RUNPATH_SEARCH_PATHS = (
					"$(inherited)",
					"@executable_path/Frameworks",
				);
				MARKETING_VERSION = 1.0;
				PRODUCT_BUNDLE_IDENTIFIER = "com.mjb.login-flow-sample";
				PRODUCT_NAME = "$(TARGET_NAME)";
				SWIFT_EMIT_LOC_STRINGS = YES;
				SWIFT_VERSION = 5.0;
				TARGETED_DEVICE_FAMILY = "1,2";
			};
			name = Release;
		};
		396ADFDD2811B86100F5A7F0 /* Debug */ = {
			isa = XCBuildConfiguration;
			baseConfigurationReference = 374CFB28CB130F6FBFB2E7E8 /* Pods-login-flow-sampleTests.debug.xcconfig */;
			buildSettings = {
				ALWAYS_EMBED_SWIFT_STANDARD_LIBRARIES = YES;
				BUNDLE_LOADER = "$(TEST_HOST)";
				CODE_SIGN_STYLE = Automatic;
				CURRENT_PROJECT_VERSION = 1;
				GENERATE_INFOPLIST_FILE = YES;
				IPHONEOS_DEPLOYMENT_TARGET = 15.4;
				MARKETING_VERSION = 1.0;
				PRODUCT_BUNDLE_IDENTIFIER = "com.mjb.login-flow-sampleTests";
				PRODUCT_NAME = "$(TARGET_NAME)";
				SWIFT_EMIT_LOC_STRINGS = NO;
				SWIFT_VERSION = 5.0;
				TARGETED_DEVICE_FAMILY = "1,2";
				TEST_HOST = "$(BUILT_PRODUCTS_DIR)/login-flow-sample.app/login-flow-sample";
			};
			name = Debug;
		};
		396ADFDE2811B86100F5A7F0 /* Release */ = {
			isa = XCBuildConfiguration;
			baseConfigurationReference = 8B901EB271E188A9272FAA83 /* Pods-login-flow-sampleTests.release.xcconfig */;
			buildSettings = {
				ALWAYS_EMBED_SWIFT_STANDARD_LIBRARIES = YES;
				BUNDLE_LOADER = "$(TEST_HOST)";
				CODE_SIGN_STYLE = Automatic;
				CURRENT_PROJECT_VERSION = 1;
				GENERATE_INFOPLIST_FILE = YES;
				IPHONEOS_DEPLOYMENT_TARGET = 15.4;
				MARKETING_VERSION = 1.0;
				PRODUCT_BUNDLE_IDENTIFIER = "com.mjb.login-flow-sampleTests";
				PRODUCT_NAME = "$(TARGET_NAME)";
				SWIFT_EMIT_LOC_STRINGS = NO;
				SWIFT_VERSION = 5.0;
				TARGETED_DEVICE_FAMILY = "1,2";
				TEST_HOST = "$(BUILT_PRODUCTS_DIR)/login-flow-sample.app/login-flow-sample";
			};
			name = Release;
		};
		396ADFE02811B86100F5A7F0 /* Debug */ = {
			isa = XCBuildConfiguration;
			baseConfigurationReference = 808C57E2F96471BFE39DF311 /* Pods-login-flow-sample-login-flow-sampleUITests.debug.xcconfig */;
			buildSettings = {
				ALWAYS_EMBED_SWIFT_STANDARD_LIBRARIES = YES;
				CODE_SIGN_STYLE = Automatic;
				CURRENT_PROJECT_VERSION = 1;
				GENERATE_INFOPLIST_FILE = YES;
				MARKETING_VERSION = 1.0;
				PRODUCT_BUNDLE_IDENTIFIER = "com.mjb.login-flow-sampleUITests";
				PRODUCT_NAME = "$(TARGET_NAME)";
				SWIFT_EMIT_LOC_STRINGS = NO;
				SWIFT_VERSION = 5.0;
				TARGETED_DEVICE_FAMILY = "1,2";
				TEST_TARGET_NAME = "login-flow-sample";
			};
			name = Debug;
		};
		396ADFE12811B86100F5A7F0 /* Release */ = {
			isa = XCBuildConfiguration;
			baseConfigurationReference = E1B2477BE4EF9E64622211EF /* Pods-login-flow-sample-login-flow-sampleUITests.release.xcconfig */;
			buildSettings = {
				ALWAYS_EMBED_SWIFT_STANDARD_LIBRARIES = YES;
				CODE_SIGN_STYLE = Automatic;
				CURRENT_PROJECT_VERSION = 1;
				GENERATE_INFOPLIST_FILE = YES;
				MARKETING_VERSION = 1.0;
				PRODUCT_BUNDLE_IDENTIFIER = "com.mjb.login-flow-sampleUITests";
				PRODUCT_NAME = "$(TARGET_NAME)";
				SWIFT_EMIT_LOC_STRINGS = NO;
				SWIFT_VERSION = 5.0;
				TARGETED_DEVICE_FAMILY = "1,2";
				TEST_TARGET_NAME = "login-flow-sample";
			};
			name = Release;
		};
/* End XCBuildConfiguration section */

/* Begin XCConfigurationList section */
		396ADFAA2811B85F00F5A7F0 /* Build configuration list for PBXProject "login-flow-sample" */ = {
			isa = XCConfigurationList;
			buildConfigurations = (
				396ADFD72811B86100F5A7F0 /* Debug */,
				396ADFD82811B86100F5A7F0 /* Release */,
			);
			defaultConfigurationIsVisible = 0;
			defaultConfigurationName = Release;
		};
		396ADFD92811B86100F5A7F0 /* Build configuration list for PBXNativeTarget "login-flow-sample" */ = {
			isa = XCConfigurationList;
			buildConfigurations = (
				396ADFDA2811B86100F5A7F0 /* Debug */,
				396ADFDB2811B86100F5A7F0 /* Release */,
			);
			defaultConfigurationIsVisible = 0;
			defaultConfigurationName = Release;
		};
		396ADFDC2811B86100F5A7F0 /* Build configuration list for PBXNativeTarget "login-flow-sampleTests" */ = {
			isa = XCConfigurationList;
			buildConfigurations = (
				396ADFDD2811B86100F5A7F0 /* Debug */,
				396ADFDE2811B86100F5A7F0 /* Release */,
			);
			defaultConfigurationIsVisible = 0;
			defaultConfigurationName = Release;
		};
		396ADFDF2811B86100F5A7F0 /* Build configuration list for PBXNativeTarget "login-flow-sampleUITests" */ = {
			isa = XCConfigurationList;
			buildConfigurations = (
				396ADFE02811B86100F5A7F0 /* Debug */,
				396ADFE12811B86100F5A7F0 /* Release */,
			);
			defaultConfigurationIsVisible = 0;
			defaultConfigurationName = Release;
		};
/* End XCConfigurationList section */
	};
	rootObject = 396ADFA72811B85F00F5A7F0 /* Project object */;
}
